
Microsoft Visual Studio Solution File, Format Version 12.00
# Visual Studio Version 16
VisualStudioVersion = 16.0.32106.194
MinimumVisualStudioVersion = 10.0.40219.1
Project("{FAE04EC0-301F-11D3-BF4B-00C04F79EFBC}") = "DailyReport", "DailyReport.csproj", "{E566D77D-B758-49D1-A857-3B304FA6BEE0}"
EndProject
Global
	GlobalSection(SolutionConfigurationPlatforms) = preSolution
		Debug|Any CPU = Debug|Any CPU
		Release|Any CPU = Release|Any CPU
	EndGlobalSection
	GlobalSection(ProjectConfigurationPlatforms) = postSolution
		{E566D77D-B758-49D1-A857-3B304FA6BEE0}.Debug|Any CPU.ActiveCfg = Debug|Any CPU
		{E566D77D-B758-49D1-A857-3B304FA6BEE0}.Debug|Any CPU.Build.0 = Debug|Any CPU
		{E566D77D-B758-49D1-A857-3B304FA6BEE0}.Release|Any CPU.ActiveCfg = Release|Any CPU
		{E566D77D-B758-49D1-A857-3B304FA6BEE0}.Release|Any CPU.Build.0 = Release|Any CPU
	EndGlobalSection
	GlobalSection(SolutionProperties) = preSolution
		HideSolutionNode = FALSE
	EndGlobalSection
	GlobalSection(ExtensibilityGlobals) = postSolution
		SolutionGuid = {76C797D7-B4AF-4E9F-AFD9-47610D8986A3}
	EndGlobalSection
EndGlobal
