
Microsoft Visual Studio Solution File, Format Version 12.00
# Visual Studio Version 16
VisualStudioVersion = 16.0.32106.194
MinimumVisualStudioVersion = 10.0.40219.1
Project("{FAE04EC0-301F-11D3-BF4B-00C04F79EFBC}") = "TryCatchAssignment", "TryCatchAssignment.csproj", "{D55614DF-58C8-4B59-ACF2-9577A9FB3EB7}"
EndProject
Global
	GlobalSection(SolutionConfigurationPlatforms) = preSolution
		Debug|Any CPU = Debug|Any CPU
		Release|Any CPU = Release|Any CPU
	EndGlobalSection
	GlobalSection(ProjectConfigurationPlatforms) = postSolution
		{D55614DF-58C8-4B59-ACF2-9577A9FB3EB7}.Debug|Any CPU.ActiveCfg = Debug|Any CPU
		{D55614DF-58C8-4B59-ACF2-9577A9FB3EB7}.Debug|Any CPU.Build.0 = Debug|Any CPU
		{D55614DF-58C8-4B59-ACF2-9577A9FB3EB7}.Release|Any CPU.ActiveCfg = Release|Any CPU
		{D55614DF-58C8-4B59-ACF2-9577A9FB3EB7}.Release|Any CPU.Build.0 = Release|Any CPU
	EndGlobalSection
	GlobalSection(SolutionProperties) = preSolution
		HideSolutionNode = FALSE
	EndGlobalSection
	GlobalSection(ExtensibilityGlobals) = postSolution
		SolutionGuid = {7B4662EF-D437-422E-8BDF-0A76C52C7740}
	EndGlobalSection
EndGlobal
