
Microsoft Visual Studio Solution File, Format Version 12.00
# Visual Studio Version 16
VisualStudioVersion = 16.0.32106.194
MinimumVisualStudioVersion = 10.0.40219.1
Project("{FAE04EC0-301F-11D3-BF4B-00C04F79EFBC}") = "DateTimeAssignment", "DateTimeAssignment.csproj", "{30F0C385-46D4-424F-BBDA-296122B80A0D}"
EndProject
Global
	GlobalSection(SolutionConfigurationPlatforms) = preSolution
		Debug|Any CPU = Debug|Any CPU
		Release|Any CPU = Release|Any CPU
	EndGlobalSection
	GlobalSection(ProjectConfigurationPlatforms) = postSolution
		{30F0C385-46D4-424F-BBDA-296122B80A0D}.Debug|Any CPU.ActiveCfg = Debug|Any CPU
		{30F0C385-46D4-424F-BBDA-296122B80A0D}.Debug|Any CPU.Build.0 = Debug|Any CPU
		{30F0C385-46D4-424F-BBDA-296122B80A0D}.Release|Any CPU.ActiveCfg = Release|Any CPU
		{30F0C385-46D4-424F-BBDA-296122B80A0D}.Release|Any CPU.Build.0 = Release|Any CPU
	EndGlobalSection
	GlobalSection(SolutionProperties) = preSolution
		HideSolutionNode = FALSE
	EndGlobalSection
	GlobalSection(ExtensibilityGlobals) = postSolution
		SolutionGuid = {59E4AA97-B8B9-4528-894C-FD6B6918D60A}
	EndGlobalSection
EndGlobal
