
Microsoft Visual Studio Solution File, Format Version 12.00
# Visual Studio Version 16
VisualStudioVersion = 16.0.32106.194
MinimumVisualStudioVersion = 10.0.40219.1
Project("{FAE04EC0-301F-11D3-BF4B-00C04F79EFBC}") = "MVCTutorial", "MVCTutorial.csproj", "{457BA09D-6486-435A-BC67-1B84B480D2DB}"
EndProject
Global
	GlobalSection(SolutionConfigurationPlatforms) = preSolution
		Debug|Any CPU = Debug|Any CPU
		Release|Any CPU = Release|Any CPU
	EndGlobalSection
	GlobalSection(ProjectConfigurationPlatforms) = postSolution
		{457BA09D-6486-435A-BC67-1B84B480D2DB}.Debug|Any CPU.ActiveCfg = Debug|Any CPU
		{457BA09D-6486-435A-BC67-1B84B480D2DB}.Debug|Any CPU.Build.0 = Debug|Any CPU
		{457BA09D-6486-435A-BC67-1B84B480D2DB}.Release|Any CPU.ActiveCfg = Release|Any CPU
		{457BA09D-6486-435A-BC67-1B84B480D2DB}.Release|Any CPU.Build.0 = Release|Any CPU
	EndGlobalSection
	GlobalSection(SolutionProperties) = preSolution
		HideSolutionNode = FALSE
	EndGlobalSection
	GlobalSection(ExtensibilityGlobals) = postSolution
		SolutionGuid = {754D8D4A-2F63-4B7C-BF43-45C76AF0A27A}
	EndGlobalSection
EndGlobal
