
Microsoft Visual Studio Solution File, Format Version 12.00
# Visual Studio Version 16
VisualStudioVersion = 16.0.32106.194
MinimumVisualStudioVersion = 10.0.40219.1
Project("{FAE04EC0-301F-11D3-BF4B-00C04F79EFBC}") = "ConstructorAssignment", "ConstructorAssignment.csproj", "{AA430E1F-49F3-4557-B315-BE5291AA8B7B}"
EndProject
Global
	GlobalSection(SolutionConfigurationPlatforms) = preSolution
		Debug|Any CPU = Debug|Any CPU
		Release|Any CPU = Release|Any CPU
	EndGlobalSection
	GlobalSection(ProjectConfigurationPlatforms) = postSolution
		{AA430E1F-49F3-4557-B315-BE5291AA8B7B}.Debug|Any CPU.ActiveCfg = Debug|Any CPU
		{AA430E1F-49F3-4557-B315-BE5291AA8B7B}.Debug|Any CPU.Build.0 = Debug|Any CPU
		{AA430E1F-49F3-4557-B315-BE5291AA8B7B}.Release|Any CPU.ActiveCfg = Release|Any CPU
		{AA430E1F-49F3-4557-B315-BE5291AA8B7B}.Release|Any CPU.Build.0 = Release|Any CPU
	EndGlobalSection
	GlobalSection(SolutionProperties) = preSolution
		HideSolutionNode = FALSE
	EndGlobalSection
	GlobalSection(ExtensibilityGlobals) = postSolution
		SolutionGuid = {A77EEE16-7729-4680-83C3-1A9A6D5B3B90}
	EndGlobalSection
EndGlobal
