
Microsoft Visual Studio Solution File, Format Version 12.00
# Visual Studio Version 16
VisualStudioVersion = 16.0.32126.315
MinimumVisualStudioVersion = 10.0.40219.1
Project("{FAE04EC0-301F-11D3-BF4B-00C04F79EFBC}") = "FinalAssignmentTest", "FinalAssignmentTest.csproj", "{732CBE4F-2CB6-44F6-8165-5A113F65606C}"
EndProject
Global
	GlobalSection(SolutionConfigurationPlatforms) = preSolution
		Debug|Any CPU = Debug|Any CPU
		Release|Any CPU = Release|Any CPU
	EndGlobalSection
	GlobalSection(ProjectConfigurationPlatforms) = postSolution
		{732CBE4F-2CB6-44F6-8165-5A113F65606C}.Debug|Any CPU.ActiveCfg = Debug|Any CPU
		{732CBE4F-2CB6-44F6-8165-5A113F65606C}.Debug|Any CPU.Build.0 = Debug|Any CPU
		{732CBE4F-2CB6-44F6-8165-5A113F65606C}.Release|Any CPU.ActiveCfg = Release|Any CPU
		{732CBE4F-2CB6-44F6-8165-5A113F65606C}.Release|Any CPU.Build.0 = Release|Any CPU
	EndGlobalSection
	GlobalSection(SolutionProperties) = preSolution
		HideSolutionNode = FALSE
	EndGlobalSection
	GlobalSection(ExtensibilityGlobals) = postSolution
		SolutionGuid = {020EB9FF-D6B0-4102-BCC6-62DA3CEF5831}
	EndGlobalSection
EndGlobal
