
Microsoft Visual Studio Solution File, Format Version 12.00
# Visual Studio Version 17
VisualStudioVersion = 17.1.32210.238
MinimumVisualStudioVersion = 10.0.40219.1
Project("{FAE04EC0-301F-11D3-BF4B-00C04F79EFBC}") = "MyFirstAzureWebApp", "MyFirstAzureWebApp.csproj", "{84492571-2FB3-4841-ABDC-3AA3CB7AC753}"
EndProject
Global
	GlobalSection(SolutionConfigurationPlatforms) = preSolution
		Debug|Any CPU = Debug|Any CPU
		Release|Any CPU = Release|Any CPU
	EndGlobalSection
	GlobalSection(ProjectConfigurationPlatforms) = postSolution
		{84492571-2FB3-4841-ABDC-3AA3CB7AC753}.Debug|Any CPU.ActiveCfg = Debug|Any CPU
		{84492571-2FB3-4841-ABDC-3AA3CB7AC753}.Debug|Any CPU.Build.0 = Debug|Any CPU
		{84492571-2FB3-4841-ABDC-3AA3CB7AC753}.Release|Any CPU.ActiveCfg = Release|Any CPU
		{84492571-2FB3-4841-ABDC-3AA3CB7AC753}.Release|Any CPU.Build.0 = Release|Any CPU
	EndGlobalSection
	GlobalSection(SolutionProperties) = preSolution
		HideSolutionNode = FALSE
	EndGlobalSection
	GlobalSection(ExtensibilityGlobals) = postSolution
		SolutionGuid = {FA331E6A-0F23-4EF8-87E0-A5375D9280DF}
	EndGlobalSection
EndGlobal
