
Microsoft Visual Studio Solution File, Format Version 12.00
# Visual Studio Version 16
VisualStudioVersion = 16.0.32106.194
MinimumVisualStudioVersion = 10.0.40219.1
Project("{FAE04EC0-301F-11D3-BF4B-00C04F79EFBC}") = "MethodObjectAssignment", "MethodObjectAssignment.csproj", "{1FE0993F-9474-439A-914D-8067B43D3C1E}"
EndProject
Global
	GlobalSection(SolutionConfigurationPlatforms) = preSolution
		Debug|Any CPU = Debug|Any CPU
		Release|Any CPU = Release|Any CPU
	EndGlobalSection
	GlobalSection(ProjectConfigurationPlatforms) = postSolution
		{1FE0993F-9474-439A-914D-8067B43D3C1E}.Debug|Any CPU.ActiveCfg = Debug|Any CPU
		{1FE0993F-9474-439A-914D-8067B43D3C1E}.Debug|Any CPU.Build.0 = Debug|Any CPU
		{1FE0993F-9474-439A-914D-8067B43D3C1E}.Release|Any CPU.ActiveCfg = Release|Any CPU
		{1FE0993F-9474-439A-914D-8067B43D3C1E}.Release|Any CPU.Build.0 = Release|Any CPU
	EndGlobalSection
	GlobalSection(SolutionProperties) = preSolution
		HideSolutionNode = FALSE
	EndGlobalSection
	GlobalSection(ExtensibilityGlobals) = postSolution
		SolutionGuid = {20317EAA-53DB-48B6-8856-EFE8A404AA25}
	EndGlobalSection
EndGlobal
