
Microsoft Visual Studio Solution File, Format Version 12.00
# Visual Studio Version 17
VisualStudioVersion = 17.1.32210.238
MinimumVisualStudioVersion = 10.0.40219.1
Project("{FAE04EC0-301F-11D3-BF4B-00C04F79EFBC}") = "WebAppTest", "WebAppTest.csproj", "{12D37AD2-7AD0-45D4-8A95-E0E39F78262C}"
EndProject
Global
	GlobalSection(SolutionConfigurationPlatforms) = preSolution
		Debug|Any CPU = Debug|Any CPU
		Release|Any CPU = Release|Any CPU
	EndGlobalSection
	GlobalSection(ProjectConfigurationPlatforms) = postSolution
		{12D37AD2-7AD0-45D4-8A95-E0E39F78262C}.Debug|Any CPU.ActiveCfg = Debug|Any CPU
		{12D37AD2-7AD0-45D4-8A95-E0E39F78262C}.Debug|Any CPU.Build.0 = Debug|Any CPU
		{12D37AD2-7AD0-45D4-8A95-E0E39F78262C}.Release|Any CPU.ActiveCfg = Release|Any CPU
		{12D37AD2-7AD0-45D4-8A95-E0E39F78262C}.Release|Any CPU.Build.0 = Release|Any CPU
	EndGlobalSection
	GlobalSection(SolutionProperties) = preSolution
		HideSolutionNode = FALSE
	EndGlobalSection
	GlobalSection(ExtensibilityGlobals) = postSolution
		SolutionGuid = {417E7D21-E2E0-4BD3-BC38-475CB94FC866}
	EndGlobalSection
EndGlobal
