
Microsoft Visual Studio Solution File, Format Version 12.00
# Visual Studio Version 16
VisualStudioVersion = 16.0.32106.194
MinimumVisualStudioVersion = 10.0.40219.1
Project("{FAE04EC0-301F-11D3-BF4B-00C04F79EFBC}") = "StringPractice", "StringPractice.csproj", "{EC30AE42-3340-4C7E-9706-4ECA996E827B}"
EndProject
Global
	GlobalSection(SolutionConfigurationPlatforms) = preSolution
		Debug|Any CPU = Debug|Any CPU
		Release|Any CPU = Release|Any CPU
	EndGlobalSection
	GlobalSection(ProjectConfigurationPlatforms) = postSolution
		{EC30AE42-3340-4C7E-9706-4ECA996E827B}.Debug|Any CPU.ActiveCfg = Debug|Any CPU
		{EC30AE42-3340-4C7E-9706-4ECA996E827B}.Debug|Any CPU.Build.0 = Debug|Any CPU
		{EC30AE42-3340-4C7E-9706-4ECA996E827B}.Release|Any CPU.ActiveCfg = Release|Any CPU
		{EC30AE42-3340-4C7E-9706-4ECA996E827B}.Release|Any CPU.Build.0 = Release|Any CPU
	EndGlobalSection
	GlobalSection(SolutionProperties) = preSolution
		HideSolutionNode = FALSE
	EndGlobalSection
	GlobalSection(ExtensibilityGlobals) = postSolution
		SolutionGuid = {0EF1F6AA-4BE4-4032-83D7-86F398F1BD74}
	EndGlobalSection
EndGlobal
