
Microsoft Visual Studio Solution File, Format Version 12.00
# Visual Studio Version 16
VisualStudioVersion = 16.0.32106.194
MinimumVisualStudioVersion = 10.0.40219.1
Project("{FAE04EC0-301F-11D3-BF4B-00C04F79EFBC}") = "MathOperationAssignment", "MathOperationAssignment.csproj", "{709287B6-D484-4446-BCF4-796DA2B0D7B8}"
EndProject
Global
	GlobalSection(SolutionConfigurationPlatforms) = preSolution
		Debug|Any CPU = Debug|Any CPU
		Release|Any CPU = Release|Any CPU
	EndGlobalSection
	GlobalSection(ProjectConfigurationPlatforms) = postSolution
		{709287B6-D484-4446-BCF4-796DA2B0D7B8}.Debug|Any CPU.ActiveCfg = Debug|Any CPU
		{709287B6-D484-4446-BCF4-796DA2B0D7B8}.Debug|Any CPU.Build.0 = Debug|Any CPU
		{709287B6-D484-4446-BCF4-796DA2B0D7B8}.Release|Any CPU.ActiveCfg = Release|Any CPU
		{709287B6-D484-4446-BCF4-796DA2B0D7B8}.Release|Any CPU.Build.0 = Release|Any CPU
	EndGlobalSection
	GlobalSection(SolutionProperties) = preSolution
		HideSolutionNode = FALSE
	EndGlobalSection
	GlobalSection(ExtensibilityGlobals) = postSolution
		SolutionGuid = {1747F12F-2380-4D06-B01E-D03F8B39E559}
	EndGlobalSection
EndGlobal
